{
    "_readme": [
        "This file locks the dependencies of your project to a known state",
        "Read more about it at https://getcomposer.org/doc/01-basic-usage.md#installing-dependencies",
        "This file is @generated automatically"
    ],
    "content-hash": "ead3b9b3a27f05ec2e70b80864475fce",
    "packages": [
        {
            "name": "nowakowskir/php-jwt",
            "version": "1.1.0",
            "source": {
                "type": "git",
                "url": "https://github.com/nowakowskir/php-jwt.git",
                "reference": "df23a3366689331fcef362915928e7cb000bc83e"
            },
            "dist": {
                "type": "zip",
                "url": "https://api.github.com/repos/nowakowskir/php-jwt/zipball/df23a3366689331fcef362915928e7cb000bc83e",
                "reference": "df23a3366689331fcef362915928e7cb000bc83e",
                "shasum": ""
            },
            "require": {
                "php": ">=7.2.1"
            },
            "require-dev": {
                "phpunit/phpunit": "^7.5|^8.0"
            },
            "type": "library",
            "autoload": {
                "psr-4": {
                    "Nowakowskir\\JWT\\": "src/",
                    "Nowakowskir\\JWT\\Tests\\": "tests/"
                }
            },
            "notification-url": "https://packagist.org/downloads/",
            "license": [
                "BSD-3-Clause"
            ],
            "authors": [
                {
                    "name": "Radosław Nowakowski",
                    "email": "nowakowski.r@gmail.com"
                }
            ],
            "homepage": "https://github.com/nowakowskir/php-jwt",
            "support": {
                "issues": "https://github.com/nowakowskir/php-jwt/issues",
                "source": "https://github.com/nowakowskir/php-jwt/tree/1.1.0"
            },
            "time": "2019-07-12T23:22:04+00:00"
        }
    ],
    "packages-dev": [
        {
            "name": "stripe/stripe-php",
            "version": "v7.61.0",
            "source": {
                "type": "git",
                "url": "https://github.com/stripe/stripe-php.git",
                "reference": "51c6cd18cb51740101c940a3fefc876ef7cd8cae"
            },
            "dist": {
                "type": "zip",
                "url": "https://api.github.com/repos/stripe/stripe-php/zipball/51c6cd18cb51740101c940a3fefc876ef7cd8cae",
                "reference": "51c6cd18cb51740101c940a3fefc876ef7cd8cae",
                "shasum": ""
            },
            "require": {
                "ext-curl": "*",
                "ext-json": "*",
                "ext-mbstring": "*",
                "php": ">=5.6.0"
            },
            "require-dev": {
                "friendsofphp/php-cs-fixer": "2.16.1",
                "php-coveralls/php-coveralls": "^2.1",
                "phpunit/phpunit": "^5.7",
                "squizlabs/php_codesniffer": "^3.3",
                "symfony/process": "~3.4"
            },
            "type": "library",
            "extra": {
                "branch-alias": {
                    "dev-master": "2.0-dev"
                }
            },
            "autoload": {
                "psr-4": {
                    "Stripe\\": "lib/"
                }
            },
            "notification-url": "https://packagist.org/downloads/",
            "license": [
                "MIT"
            ],
            "authors": [
                {
                    "name": "Stripe and contributors",
                    "homepage": "https://github.com/stripe/stripe-php/contributors"
                }
            ],
            "description": "Stripe PHP Library",
            "homepage": "https://stripe.com/",
            "keywords": [
                "api",
                "payment processing",
                "stripe"
            ],
            "support": {
                "issues": "https://github.com/stripe/stripe-php/issues",
                "source": "https://github.com/stripe/stripe-php/tree/v7.61.0"
            },
            "time": "2020-10-20T20:01:45+00:00"
        }
    ],
    "aliases": [],
    "minimum-stability": "stable",
    "stability-flags": [],
    "prefer-stable": false,
    "prefer-lowest": false,
    "platform": [],
    "platform-dev": [],
    "plugin-api-version": "2.0.0"
}
